
Microsoft Visual Studio Solution File, Format Version 12.00
# Visual Studio 15
VisualStudioVersion = 15.0.27004.2010
MinimumVisualStudioVersion = 10.0.40219.1
Project("{FAE04EC0-301F-11D3-BF4B-00C04F79EFBC}") = "YesNoApi", "YesNoApi\YesNoApi.csproj", "{DE51E1DE-C1AC-4BA6-AB8B-314D5A67CA38}"
EndProject
Global
	GlobalSection(SolutionConfigurationPlatforms) = preSolution
		Debug|Any CPU = Debug|Any CPU
		Release|Any CPU = Release|Any CPU
	EndGlobalSection
	GlobalSection(ProjectConfigurationPlatforms) = postSolution
		{DE51E1DE-C1AC-4BA6-AB8B-314D5A67CA38}.Debug|Any CPU.ActiveCfg = Debug|Any CPU
		{DE51E1DE-C1AC-4BA6-AB8B-314D5A67CA38}.Debug|Any CPU.Build.0 = Debug|Any CPU
		{DE51E1DE-C1AC-4BA6-AB8B-314D5A67CA38}.Release|Any CPU.ActiveCfg = Release|Any CPU
		{DE51E1DE-C1AC-4BA6-AB8B-314D5A67CA38}.Release|Any CPU.Build.0 = Release|Any CPU
	EndGlobalSection
	GlobalSection(SolutionProperties) = preSolution
		HideSolutionNode = FALSE
	EndGlobalSection
	GlobalSection(ExtensibilityGlobals) = postSolution
		SolutionGuid = {111D9193-64E1-4751-9051-CB750E9F4D86}
	EndGlobalSection
EndGlobal
